Microsoft Visual Studio Solution File, Format Version 12.00
# Visual Studio Version 17
VisualStudioVersion = 17.5.2.0
MinimumVisualStudioVersion = 10.0.40219.1
Project("{FAE04EC0-301F-11D3-BF4B-00C04F79EFBC}") = "TDFMAUI", "TDFMAUI.csproj", "{3E34FC86-21EC-66B0-BE1C-2F3369D1CCFF}"
EndProject
Project("{FAE04EC0-301F-11D3-BF4B-00C04F79EFBC}") = "TDFShared", "..\TDFShared\TDFShared.csproj", "{C765A7FE-905C-DB1F-1376-A049918DF542}"
EndProject
Global
	GlobalSection(SolutionConfigurationPlatforms) = preSolution
		Debug|Any CPU = Debug|Any CPU
		Release|Any CPU = Release|Any CPU
	EndGlobalSection
	GlobalSection(ProjectConfigurationPlatforms) = postSolution
		{3E34FC86-21EC-66B0-BE1C-2F3369D1CCFF}.Debug|Any CPU.ActiveCfg = Debug|Any CPU
		{3E34FC86-21EC-66B0-BE1C-2F3369D1CCFF}.Debug|Any CPU.Build.0 = Debug|Any CPU
		{3E34FC86-21EC-66B0-BE1C-2F3369D1CCFF}.Debug|Any CPU.Deploy.0 = Debug|Any CPU
		{3E34FC86-21EC-66B0-BE1C-2F3369D1CCFF}.Release|Any CPU.ActiveCfg = Release|Any CPU
		{3E34FC86-21EC-66B0-BE1C-2F3369D1CCFF}.Release|Any CPU.Build.0 = Release|Any CPU
		{C765A7FE-905C-DB1F-1376-A049918DF542}.Debug|Any CPU.ActiveCfg = Debug|Any CPU
		{C765A7FE-905C-DB1F-1376-A049918DF542}.Debug|Any CPU.Build.0 = Debug|Any CPU
		{C765A7FE-905C-DB1F-1376-A049918DF542}.Release|Any CPU.ActiveCfg = Release|Any CPU
		{C765A7FE-905C-DB1F-1376-A049918DF542}.Release|Any CPU.Build.0 = Release|Any CPU
	EndGlobalSection
	GlobalSection(SolutionProperties) = preSolution
		HideSolutionNode = FALSE
	EndGlobalSection
	GlobalSection(ExtensibilityGlobals) = postSolution
		SolutionGuid = {04131B63-BDD4-483D-A3C6-D0C7FA4637D1}
	EndGlobalSection
EndGlobal
